version = 1
revision = 1
requires-python = ">=3.13"

[[package]]
name = "astroid"
version = "2.1.0"
source = { registry = "https://pypi.org/simple" }
dependencies = [
    { name = "lazy-object-proxy" },
    { name = "six" },
    { name = "wrapt" },
]
sdist = { url = "https://files.pythonhosted.org/packages/df/d1/b45e0bbfe0ad2253b1d589afd09f94fcf4407b4c7c5fc4d3e3540cc13c75/astroid-2.1.0.tar.gz", hash = "sha256:35b032003d6a863f5dcd7ec11abd5cd5893428beaa31ab164982403bcb311f22", size = 276196 }
wheels = [
    { url = "https://files.pythonhosted.org/packages/fc/53/8809bc008bad0300897281a7b320b286dc0e84e836396c0cff6279841e8a/astroid-2.1.0-py3-none-any.whl", hash = "sha256:6a5d668d7dc69110de01cdf7aeec69a679ef486862a0850cc0fd5571505b6b7e", size = 176192 },
]

[[package]]
name = "atomicwrites"
version = "1.2.1"
source = { registry = "https://pypi.org/simple" }
sdist = { url = "https://files.pythonhosted.org/packages/ac/ed/a311712ef6b4355035489f665e63e1a73f9eb371929e3c98e5efd451069e/atomicwrites-1.2.1.tar.gz", hash = "sha256:ec9ae8adaae229e4f8446952d204a3e4b5fdd2d099f9be3aaf556120135fb3ee", size = 11660 }
wheels = [
    { url = "https://files.pythonhosted.org/packages/3a/9a/9d878f8d885706e2530402de6417141129a943802c084238914fa6798d97/atomicwrites-1.2.1-py2.py3-none-any.whl", hash = "sha256:0312ad34fcad8fac3704d441f7b317e50af620823353ec657a53e981f92920c0", size = 5852 },
]

[[package]]
name = "attrs"
version = "18.2.0"
source = { registry = "https://pypi.org/simple" }
sdist = { url = "https://files.pythonhosted.org/packages/0f/9e/26b1d194aab960063b266170e53c39f73ea0d0d3f5ce23313e0ec8ee9bdf/attrs-18.2.0.tar.gz", hash = "sha256:10cbf6e27dbce8c30807caf056c8eb50917e0eaafe86347671b57254006c3e69", size = 116817 }
wheels = [
    { url = "https://files.pythonhosted.org/packages/3a/e1/5f9023cc983f1a628a8c2fd051ad19e76ff7b142a0faf329336f9a62a514/attrs-18.2.0-py2.py3-none-any.whl", hash = "sha256:ca4be454458f9dec299268d472aaa5a11f67a4ff70093396e1ceae9c76cf4bbb", size = 34713 },
]

[[package]]
name = "certifi"
version = "2018.11.29"
source = { registry = "https://pypi.org/simple" }
sdist = { url = "https://files.pythonhosted.org/packages/55/54/3ce77783acba5979ce16674fc98b1920d00b01d337cfaaf5db22543505ed/certifi-2018.11.29.tar.gz", hash = "sha256:47f9c83ef4c0c621eaef743f133f09fa8a74a9b75f037e8624f83bd1b6626cb7", size = 153772 }
wheels = [
    { url = "https://files.pythonhosted.org/packages/9f/e0/accfc1b56b57e9750eba272e24c4dddeac86852c2bebd1236674d7887e8a/certifi-2018.11.29-py2.py3-none-any.whl", hash = "sha256:993f830721089fef441cdfeb4b2c8c9df86f0c63239f06bd025a76a7daddb033", size = 154154 },
]

[[package]]
name = "chardet"
version = "3.0.4"
source = { registry = "https://pypi.org/simple" }
sdist = { url = "https://files.pythonhosted.org/packages/fc/bb/a5768c230f9ddb03acc9ef3f0d4a3cf93462473795d18e9535498c8f929d/chardet-3.0.4.tar.gz", hash = "sha256:84ab92ed1c4d4f16916e05906b6b75a6c0fb5db821cc65e70cbd64a3e2a5eaae", size = 1868453 }
wheels = [
    { url = "https://files.pythonhosted.org/packages/bc/a9/01ffebfb562e4274b6487b4bb1ddec7ca55ec7510b22e4c51f14098443b8/chardet-3.0.4-py2.py3-none-any.whl", hash = "sha256:fc323ffcaeaed0e0a02bf4d117757b98aed530d9ed4531e3e15460124c106691", size = 133356 },
]

[[package]]
name = "colorama"
version = "0.4.6"
source = { registry = "https://pypi.org/simple" }
sdist = { url = "https://files.pythonhosted.org/packages/d8/53/6f443c9a4a8358a93a6792e2acffb9d9d5cb0a5cfd8802644b7b1c9a02e4/colorama-0.4.6.tar.gz", hash = "sha256:08695f5cb7ed6e0531a20572697297273c47b8cae5a63ffc6d6ed5c201be6e44", size = 27697 }
wheels = [
    { url = "https://files.pythonhosted.org/packages/d1/d6/3965ed04c63042e047cb6a3e6ed1a63a35087b6a609aa3a15ed8ac56c221/colorama-0.4.6-py2.py3-none-any.whl", hash = "sha256:4f1d9991f5acc0ca119f9d443620b77f9d6b33703e51011c16baf57afb285fc6", size = 25335 },
]

[[package]]
name = "coverage"
version = "4.5.2"
source = { registry = "https://pypi.org/simple" }
sdist = { url = "https://files.pythonhosted.org/packages/fb/af/ce7b0fe063ee0142786ee53ad6197979491ce0785567b6d8be751d2069e8/coverage-4.5.2.tar.gz", hash = "sha256:ab235d9fe64833f12d1334d29b558aacedfbca2356dfb9691f2d0d38a8a7bfb4", size = 384845 }

[[package]]
name = "idna"
version = "2.8"
source = { registry = "https://pypi.org/simple" }
sdist = { url = "https://files.pythonhosted.org/packages/ad/13/eb56951b6f7950cadb579ca166e448ba77f9d24efc03edd7e55fa57d04b7/idna-2.8.tar.gz", hash = "sha256:c357b3f628cf53ae2c4c05627ecc484553142ca23264e593d327bcde5e9c3407", size = 174481 }
wheels = [
    { url = "https://files.pythonhosted.org/packages/14/2c/cd551d81dbe15200be1cf41cd03869a46fe7226e7450af7a6545bfc474c9/idna-2.8-py2.py3-none-any.whl", hash = "sha256:ea8b7f6188e6fa117537c3df7da9fc686d485087abf6ac197f9c46432f7e4a3c", size = 58594 },
]

[[package]]
name = "isort"
version = "4.3.4"
source = { registry = "https://pypi.org/simple" }
sdist = { url = "https://files.pythonhosted.org/packages/b1/de/a628d16fdba0d38cafb3d7e34d4830f2c9cb3881384ce5c08c44762e1846/isort-4.3.4.tar.gz", hash = "sha256:b9c40e9750f3d77e6e4d441d8b0266cf555e7cdabdcff33c4fd06366ca761ef8", size = 56070 }
wheels = [
    { url = "https://files.pythonhosted.org/packages/1f/2c/22eee714d7199ae0464beda6ad5fedec8fee6a2f7ffd1e8f1840928fe318/isort-4.3.4-py3-none-any.whl", hash = "sha256:1153601da39a25b14ddc54955dbbacbb6b2d19135386699e2ad58517953b34af", size = 45352 },
]

[[package]]
name = "lazy-object-proxy"
version = "1.3.1"
source = { registry = "https://pypi.org/simple" }
sdist = { url = "https://files.pythonhosted.org/packages/55/08/23c0753599bdec1aec273e322f277c4e875150325f565017f6280549f554/lazy-object-proxy-1.3.1.tar.gz", hash = "sha256:eb91be369f945f10d3a49f5f9be8b3d0b93a4c2be8f8a5b83b0571b8123e0a7a", size = 32237 }

[[package]]
name = "mccabe"
version = "0.6.1"
source = { registry = "https://pypi.org/simple" }
sdist = { url = "https://files.pythonhosted.org/packages/06/18/fa675aa501e11d6d6ca0ae73a101b2f3571a565e0f7d38e062eec18a91ee/mccabe-0.6.1.tar.gz", hash = "sha256:dd8d182285a0fe56bace7f45b5e7d1a6ebcbf524e8f3bd87eb0f125271b8831f", size = 8612 }
wheels = [
    { url = "https://files.pythonhosted.org/packages/87/89/479dc97e18549e21354893e4ee4ef36db1d237534982482c3681ee6e7b57/mccabe-0.6.1-py2.py3-none-any.whl", hash = "sha256:ab8a6258860da4b6677da4bd2fe5dc2c659cff31b3ee4f7f5d64e79735b80d42", size = 8556 },
]

[[package]]
name = "messsocks"
version = "0.1.0"
source = { virtual = "." }
dependencies = [
    { name = "astroid" },
    { name = "atomicwrites" },
    { name = "attrs" },
    { name = "certifi" },
    { name = "chardet" },
    { name = "coverage" },
    { name = "idna" },
    { name = "isort" },
    { name = "lazy-object-proxy" },
    { name = "mccabe" },
    { name = "more-itertools" },
    { name = "pluggy" },
    { name = "py" },
    { name = "pylint" },
    { name = "pytest" },
    { name = "pytest-cov" },
    { name = "requests", extra = ["socks"] },
    { name = "six" },
    { name = "urllib3" },
    { name = "wrapt" },
]

[package.metadata]
requires-dist = [
    { name = "astroid", specifier = "==2.1.0" },
    { name = "atomicwrites", specifier = "==1.2.1" },
    { name = "attrs", specifier = "==18.2.0" },
    { name = "certifi", specifier = "==2018.11.29" },
    { name = "chardet", specifier = "==3.0.4" },
    { name = "coverage", specifier = "==4.5.2" },
    { name = "idna", specifier = "==2.8" },
    { name = "isort", specifier = "==4.3.4" },
    { name = "lazy-object-proxy", specifier = "==1.3.1" },
    { name = "mccabe", specifier = "==0.6.1" },
    { name = "more-itertools", specifier = "==5.0.0" },
    { name = "pluggy", specifier = "==0.8.1" },
    { name = "py", specifier = "==1.7.0" },
    { name = "pylint", specifier = "==2.2.2" },
    { name = "pysocks", marker = "extra == 'socks'", specifier = "==1.6.8" },
    { name = "pytest", specifier = "==4.1.1" },
    { name = "pytest-cov", specifier = "==2.6.1" },
    { name = "requests", extras = ["socks"], specifier = "==2.21.0" },
    { name = "six", specifier = "==1.12.0" },
    { name = "urllib3", specifier = "==1.24.1" },
    { name = "wrapt", specifier = "==1.11.0" },
]

[[package]]
name = "more-itertools"
version = "5.0.0"
source = { registry = "https://pypi.org/simple" }
dependencies = [
    { name = "six" },
]
sdist = { url = "https://files.pythonhosted.org/packages/dd/26/30fc0d541d9fdf55faf5ba4b0fd68f81d5bd2447579224820ad525934178/more-itertools-5.0.0.tar.gz", hash = "sha256:38a936c0a6d98a38bcc2d03fdaaedaba9f412879461dd2ceff8d37564d6522e4", size = 67359 }
wheels = [
    { url = "https://files.pythonhosted.org/packages/a4/a6/42f17d065bda1fac255db13afc94c93dbfb64393eae37c749b4cb0752fc7/more_itertools-5.0.0-py3-none-any.whl", hash = "sha256:fe7a7cae1ccb57d33952113ff4fa1bc5f879963600ed74918f1236e212ee50b9", size = 52304 },
]

[[package]]
name = "pluggy"
version = "0.8.1"
source = { registry = "https://pypi.org/simple" }
sdist = { url = "https://files.pythonhosted.org/packages/38/e1/83b10c17688af7b2998fa5342fec58ecbd2a5a7499f31e606ae6640b71ac/pluggy-0.8.1.tar.gz", hash = "sha256:8ddc32f03971bfdf900a81961a48ccf2fb677cf7715108f85295c67405798616", size = 53375 }
wheels = [
    { url = "https://files.pythonhosted.org/packages/2d/60/f58d9e8197f911f9405bf7e02227b43a2acc2c2f1a8cbb1be5ecf6bfd0b8/pluggy-0.8.1-py2.py3-none-any.whl", hash = "sha256:980710797ff6a041e9a73a5787804f848996ecaa6f8a1b1e08224a5894f2074a", size = 17274 },
]

[[package]]
name = "py"
version = "1.7.0"
source = { registry = "https://pypi.org/simple" }
sdist = { url = "https://files.pythonhosted.org/packages/c7/fa/eb6dd513d9eb13436e110aaeef9a1703437a8efa466ce6bb2ff1d9217ac7/py-1.7.0.tar.gz", hash = "sha256:bf92637198836372b520efcba9e020c330123be8ce527e535d185ed4b6f45694", size = 202733 }
wheels = [
    { url = "https://files.pythonhosted.org/packages/3e/c7/3da685ef117d42ac8d71af525208759742dd235f8094221fdaafcd3dba8f/py-1.7.0-py2.py3-none-any.whl", hash = "sha256:e76826342cefe3c3d5f7e8ee4316b80d1dd8a300781612ddbc765c17ba25a6c6", size = 83960 },
]

[[package]]
name = "pylint"
version = "2.2.2"
source = { registry = "https://pypi.org/simple" }
dependencies = [
    { name = "astroid" },
    { name = "colorama", marker = "sys_platform == 'win32'" },
    { name = "isort" },
    { name = "mccabe" },
]
sdist = { url = "https://files.pythonhosted.org/packages/92/8e/e86eb8dbc10ee845b1c04ed9eaeafb981331f6db5dc05ba21555fcbe7595/pylint-2.2.2.tar.gz", hash = "sha256:689de29ae747642ab230c6d37be2b969bf75663176658851f456619aacf27492", size = 568313 }
wheels = [
    { url = "https://files.pythonhosted.org/packages/a5/06/ecef826f319055e6b231716730d7f9047dd7524ffda224b521d989f085b6/pylint-2.2.2-py3-none-any.whl", hash = "sha256:771467c434d0d9f081741fec1d64dfb011ed26e65e12a28fe06ca2f61c4d556c", size = 750435 },
]

[[package]]
name = "pysocks"
version = "1.7.1"
source = { registry = "https://pypi.org/simple" }
sdist = { url = "https://files.pythonhosted.org/packages/bd/11/293dd436aea955d45fc4e8a35b6ae7270f5b8e00b53cf6c024c83b657a11/PySocks-1.7.1.tar.gz", hash = "sha256:3f8804571ebe159c380ac6de37643bb4685970655d3bba243530d6558b799aa0", size = 284429 }
wheels = [
    { url = "https://files.pythonhosted.org/packages/8d/59/b4572118e098ac8e46e399a1dd0f2d85403ce8bbaad9ec79373ed6badaf9/PySocks-1.7.1-py3-none-any.whl", hash = "sha256:2725bd0a9925919b9b51739eea5f9e2bae91e83288108a9ad338b2e3a4435ee5", size = 16725 },
]

[[package]]
name = "pytest"
version = "4.1.1"
source = { registry = "https://pypi.org/simple" }
dependencies = [
    { name = "atomicwrites" },
    { name = "attrs" },
    { name = "colorama", marker = "sys_platform == 'win32'" },
    { name = "more-itertools" },
    { name = "pluggy" },
    { name = "py" },
    { name = "setuptools" },
    { name = "six" },
]
sdist = { url = "https://files.pythonhosted.org/packages/e2/1d/5aaae6a77d9699ebcc5cbed574c28272371b8915073a126a9ead961c8f6c/pytest-4.1.1.tar.gz", hash = "sha256:c3c573a29d7c9547fb90217ece8a8843aa0c1328a797e200290dc3d0b4b823be", size = 903912 }
wheels = [
    { url = "https://files.pythonhosted.org/packages/9e/bf/2974be45c498a0ebc2708bfada25d5d1874ab3315a4e76ce7d38e29724fa/pytest-4.1.1-py2.py3-none-any.whl", hash = "sha256:41568ea7ecb4a68d7f63837cf65b92ce8d0105e43196ff2b26622995bb3dc4b2", size = 216015 },
]

[[package]]
name = "pytest-cov"
version = "2.6.1"
source = { registry = "https://pypi.org/simple" }
dependencies = [
    { name = "coverage" },
    { name = "pytest" },
]
sdist = { url = "https://files.pythonhosted.org/packages/54/16/4229c5514d12b25c3555ca775c7c3cade9a63da99b52fd5fc45962fa3d29/pytest-cov-2.6.1.tar.gz", hash = "sha256:0ab664b25c6aa9716cbf203b17ddb301932383046082c081b9848a0edf5add33", size = 35307 }
wheels = [
    { url = "https://files.pythonhosted.org/packages/7d/b5/92f32674ab954f80499ac73347bfeb815545ea295439c12b0ef3ac8f0975/pytest_cov-2.6.1-py2.py3-none-any.whl", hash = "sha256:230ef817450ab0699c6cc3c9c8f7a829c34674456f2ed8df1fe1d39780f7c87f", size = 16278 },
]

[[package]]
name = "requests"
version = "2.21.0"
source = { registry = "https://pypi.org/simple" }
dependencies = [
    { name = "certifi" },
    { name = "chardet" },
    { name = "idna" },
    { name = "urllib3" },
]
sdist = { url = "https://files.pythonhosted.org/packages/52/2c/514e4ac25da2b08ca5a464c50463682126385c4272c18193876e91f4bc38/requests-2.21.0.tar.gz", hash = "sha256:502a824f31acdacb3a35b6690b5fbf0bc41d63a24a45c4004352b0242707598e", size = 111528 }
wheels = [
    { url = "https://files.pythonhosted.org/packages/7d/e3/20f3d364d6c8e5d2353c72a67778eb189176f08e873c9900e10c0287b84b/requests-2.21.0-py2.py3-none-any.whl", hash = "sha256:7bf2a778576d825600030a110f3c0e3e8edc51dfaafe1c146e39a2027784957b", size = 57987 },
]

[package.optional-dependencies]
socks = [
    { name = "pysocks" },
]

[[package]]
name = "setuptools"
version = "77.0.3"
source = { registry = "https://pypi.org/simple" }
sdist = { url = "https://files.pythonhosted.org/packages/81/ed/7101d53811fd359333583330ff976e5177c5e871ca8b909d1d6c30553aa3/setuptools-77.0.3.tar.gz", hash = "sha256:583b361c8da8de57403743e756609670de6fb2345920e36dc5c2d914c319c945", size = 1367236 }
wheels = [
    { url = "https://files.pythonhosted.org/packages/a9/07/99f2cefae815c66eb23148f15d79ec055429c38fa8986edcc712ab5f3223/setuptools-77.0.3-py3-none-any.whl", hash = "sha256:67122e78221da5cf550ddd04cf8742c8fe12094483749a792d56cd669d6cf58c", size = 1255678 },
]

[[package]]
name = "six"
version = "1.12.0"
source = { registry = "https://pypi.org/simple" }
sdist = { url = "https://files.pythonhosted.org/packages/dd/bf/4138e7bfb757de47d1f4b6994648ec67a51efe58fa907c1e11e350cddfca/six-1.12.0.tar.gz", hash = "sha256:d16a0141ec1a18405cd4ce8b4613101da75da0e9a7aec5bdd4fa804d0e0eba73", size = 32725 }
wheels = [
    { url = "https://files.pythonhosted.org/packages/73/fb/00a976f728d0d1fecfe898238ce23f502a721c0ac0ecfedb80e0d88c64e9/six-1.12.0-py2.py3-none-any.whl", hash = "sha256:3350809f0555b11f552448330d0b52d5f24c91a322ea4a15ef22629740f3761c", size = 10586 },
]

[[package]]
name = "urllib3"
version = "1.24.1"
source = { registry = "https://pypi.org/simple" }
sdist = { url = "https://files.pythonhosted.org/packages/b1/53/37d82ab391393565f2f831b8eedbffd57db5a718216f82f1a8b4d381a1c1/urllib3-1.24.1.tar.gz", hash = "sha256:de9529817c93f27c8ccbfead6985011db27bd0ddfcdb2d86f3f663385c6a9c22", size = 229688 }
wheels = [
    { url = "https://files.pythonhosted.org/packages/62/00/ee1d7de624db8ba7090d1226aebefab96a2c71cd5cfa7629d6ad3f61b79e/urllib3-1.24.1-py2.py3-none-any.whl", hash = "sha256:61bf29cada3fc2fbefad4fdf059ea4bd1b4a86d2b6d15e1c7c0b582b9752fe39", size = 118086 },
]

[[package]]
name = "wrapt"
version = "1.11.0"
source = { registry = "https://pypi.org/simple" }
sdist = { url = "https://files.pythonhosted.org/packages/78/4d/c3f9bd791683bd61b7799e465872bf5f4495fe3abb6c4f119419b9f606eb/wrapt-1.11.0.tar.gz", hash = "sha256:e03f19f64d81d0a3099518ca26b04550026f131eced2e76ced7b85c6b8d32128", size = 27107 }
